// !$*UTF8*$!
{
	archiveVersion = 1;
	classes = {
	};
	objectVersion = 55;
	objects = {

/* Begin PBXBuildFile section */
		57A0C70828355CAA00AC0A39 /* AppDelegate.swift in Sources */ = {isa = PBXBuildFile; fileRef = 57A0C70728355CAA00AC0A39 /* AppDelegate.swift */; };
		57A0C70A28355CAA00AC0A39 /* SceneDelegate.swift in Sources */ = {isa = PBXBuildFile; fileRef = 57A0C70928355CAA00AC0A39 /* SceneDelegate.swift */; };
		57A0C71128355CAC00AC0A39 /* Assets.xcassets in Resources */ = {isa = PBXBuildFile; fileRef = 57A0C71028355CAC00AC0A39 /* Assets.xcassets */; };
		57A0C71428355CAC00AC0A39 /* LaunchScreen.storyboard in Resources */ = {isa = PBXBuildFile; fileRef = 57A0C71228355CAC00AC0A39 /* LaunchScreen.storyboard */; };
		57A0C71F28355CAC00AC0A39 /* BitcoinMillionaireTests.swift in Sources */ = {isa = PBXBuildFile; fileRef = 57A0C71E28355CAC00AC0A39 /* BitcoinMillionaireTests.swift */; };
		57A0C72928355CAC00AC0A39 /* HomeViewUITests.swift in Sources */ = {isa = PBXBuildFile; fileRef = 57A0C72828355CAC00AC0A39 /* HomeViewUITests.swift */; };
		57A0C72B28355CAC00AC0A39 /* BitcoinMillionaireUITestsLaunchTests.swift in Sources */ = {isa = PBXBuildFile; fileRef = 57A0C72A28355CAC00AC0A39 /* BitcoinMillionaireUITestsLaunchTests.swift */; };
		57A0C739283696AE00AC0A39 /* UserBitcoinEntity.swift in Sources */ = {isa = PBXBuildFile; fileRef = 57A0C738283696AE00AC0A39 /* UserBitcoinEntity.swift */; };
		57A0C73C283697F100AC0A39 /* UserBitcoinService.swift in Sources */ = {isa = PBXBuildFile; fileRef = 57A0C73B283697F100AC0A39 /* UserBitcoinService.swift */; };
		57A0C74028369BD600AC0A39 /* UserBitcoinServiceTests.swift in Sources */ = {isa = PBXBuildFile; fileRef = 57A0C73F28369BD600AC0A39 /* UserBitcoinServiceTests.swift */; };
		57A0C7422836A0A000AC0A39 /* DatabaseService.swift in Sources */ = {isa = PBXBuildFile; fileRef = 57A0C7412836A0A000AC0A39 /* DatabaseService.swift */; };
		57A0C7442836A22500AC0A39 /* DatabaseError.swift in Sources */ = {isa = PBXBuildFile; fileRef = 57A0C7432836A22500AC0A39 /* DatabaseError.swift */; };
		57A0C7462836A49B00AC0A39 /* DatabaseServiceTests.swift in Sources */ = {isa = PBXBuildFile; fileRef = 57A0C7452836A49B00AC0A39 /* DatabaseServiceTests.swift */; };
		57A0C7482836A50100AC0A39 /* MockUserDefaults.swift in Sources */ = {isa = PBXBuildFile; fileRef = 57A0C7472836A50100AC0A39 /* MockUserDefaults.swift */; };
		57A0C74A2836A78200AC0A39 /* UserDefaultsProtocol.swift in Sources */ = {isa = PBXBuildFile; fileRef = 57A0C7492836A78200AC0A39 /* UserDefaultsProtocol.swift */; };
		57A0C74E2836CF8100AC0A39 /* MockDatabase.swift in Sources */ = {isa = PBXBuildFile; fileRef = 57A0C74D2836CF8100AC0A39 /* MockDatabase.swift */; };
		57A0C7542836D57300AC0A39 /* UserBitcoinEntityTests.swift in Sources */ = {isa = PBXBuildFile; fileRef = 57A0C7532836D57300AC0A39 /* UserBitcoinEntityTests.swift */; };
		7A2A3F2F28357DF300559CB4 /* HomeViewController.swift in Sources */ = {isa = PBXBuildFile; fileRef = 7A2A3F2E28357DF300559CB4 /* HomeViewController.swift */; };
		7A2A3F3128357E0500559CB4 /* HomeInteractor.swift in Sources */ = {isa = PBXBuildFile; fileRef = 7A2A3F3028357E0400559CB4 /* HomeInteractor.swift */; };
		7A2A3F3328357E0E00559CB4 /* HomePresenter.swift in Sources */ = {isa = PBXBuildFile; fileRef = 7A2A3F3228357E0E00559CB4 /* HomePresenter.swift */; };
		7A2A3F3528357E1500559CB4 /* HomeRouter.swift in Sources */ = {isa = PBXBuildFile; fileRef = 7A2A3F3428357E1500559CB4 /* HomeRouter.swift */; };
		7A2A3F3828357E4300559CB4 /* AddBitcoinViewController.swift in Sources */ = {isa = PBXBuildFile; fileRef = 7A2A3F3728357E4300559CB4 /* AddBitcoinViewController.swift */; };
		7A2A3F3A28357E4B00559CB4 /* AddBitcoinInteractor.swift in Sources */ = {isa = PBXBuildFile; fileRef = 7A2A3F3928357E4B00559CB4 /* AddBitcoinInteractor.swift */; };
		7A2A3F3C28357E5300559CB4 /* AddBitcoinPresenter.swift in Sources */ = {isa = PBXBuildFile; fileRef = 7A2A3F3B28357E5300559CB4 /* AddBitcoinPresenter.swift */; };
		7A2A3F3E28357E5A00559CB4 /* AddBitcoinRouter.swift in Sources */ = {isa = PBXBuildFile; fileRef = 7A2A3F3D28357E5A00559CB4 /* AddBitcoinRouter.swift */; };
		7A2A3F4128357E7A00559CB4 /* RemoveBitcoinViewController.swift in Sources */ = {isa = PBXBuildFile; fileRef = 7A2A3F4028357E7A00559CB4 /* RemoveBitcoinViewController.swift */; };
		7A2A3F4328357E9100559CB4 /* RemoveBitcoinInteractor.swift in Sources */ = {isa = PBXBuildFile; fileRef = 7A2A3F4228357E9100559CB4 /* RemoveBitcoinInteractor.swift */; };
		7A2A3F4528357E9800559CB4 /* RemoveBitcoinPresenter.swift in Sources */ = {isa = PBXBuildFile; fileRef = 7A2A3F4428357E9800559CB4 /* RemoveBitcoinPresenter.swift */; };
		7A2A3F4728357EA000559CB4 /* RemoveBitcoinRouter.swift in Sources */ = {isa = PBXBuildFile; fileRef = 7A2A3F4628357EA000559CB4 /* RemoveBitcoinRouter.swift */; };
		7A6F78E4283592BC0030FE91 /* ButtonUtility.swift in Sources */ = {isa = PBXBuildFile; fileRef = 7A6F78E3283592BC0030FE91 /* ButtonUtility.swift */; };
		7A6F78E62835C6A10030FE91 /* HomeViewControllerTests.swift in Sources */ = {isa = PBXBuildFile; fileRef = 7A6F78E52835C6A10030FE91 /* HomeViewControllerTests.swift */; };
		7A6F79212836BEB00030FE91 /* HomePresenterProtocol.swift in Sources */ = {isa = PBXBuildFile; fileRef = 7A6F791E2836BEB00030FE91 /* HomePresenterProtocol.swift */; };
		7A6F79222836BEB00030FE91 /* HomeInteractorProtocol.swift in Sources */ = {isa = PBXBuildFile; fileRef = 7A6F791F2836BEB00030FE91 /* HomeInteractorProtocol.swift */; };
		7A6F79232836BEB00030FE91 /* HomeRouterProtocol.swift in Sources */ = {isa = PBXBuildFile; fileRef = 7A6F79202836BEB00030FE91 /* HomeRouterProtocol.swift */; };
		7A6F79292836BEC00030FE91 /* MockHomePresenter.swift in Sources */ = {isa = PBXBuildFile; fileRef = 7A6F79252836BEC00030FE91 /* MockHomePresenter.swift */; };
		7A6F792A2836BEC00030FE91 /* MockHomeInteractor.swift in Sources */ = {isa = PBXBuildFile; fileRef = 7A6F79262836BEC00030FE91 /* MockHomeInteractor.swift */; };
		7A6F792B2836BEC00030FE91 /* MockHomeRouter.swift in Sources */ = {isa = PBXBuildFile; fileRef = 7A6F79272836BEC00030FE91 /* MockHomeRouter.swift */; };
		7A6F792C2836BEC00030FE91 /* HomePresenterTests.swift in Sources */ = {isa = PBXBuildFile; fileRef = 7A6F79282836BEC00030FE91 /* HomePresenterTests.swift */; };
		7ADE5DE72837352F003C81CC /* BitcoinUserDefaults.swift in Sources */ = {isa = PBXBuildFile; fileRef = 7ADE5DE62837352F003C81CC /* BitcoinUserDefaults.swift */; };
		9923FD94283C11030026F99D /* BorderedTextField.swift in Sources */ = {isa = PBXBuildFile; fileRef = 9923FD93283C11030026F99D /* BorderedTextField.swift */; };
		996B5DCE283BD12F00B18D14 /* WebServiceMock.swift in Sources */ = {isa = PBXBuildFile; fileRef = 996B5DCD283BD12F00B18D14 /* WebServiceMock.swift */; };
		99AFD77128368B1500BD7321 /* APIResponse.swift in Sources */ = {isa = PBXBuildFile; fileRef = 99AFD77028368B1500BD7321 /* APIResponse.swift */; };
		99AFD77328368B7500BD7321 /* Repository.swift in Sources */ = {isa = PBXBuildFile; fileRef = 99AFD77228368B7500BD7321 /* Repository.swift */; };
		99AFD77528368C6700BD7321 /* BitcoinPrice.swift in Sources */ = {isa = PBXBuildFile; fileRef = 99AFD77428368C6700BD7321 /* BitcoinPrice.swift */; };
		99AFD77728368CBB00BD7321 /* BPI.swift in Sources */ = {isa = PBXBuildFile; fileRef = 99AFD77628368CBB00BD7321 /* BPI.swift */; };
		99AFD77C2836922D00BD7321 /* BitcoinPriceServiceTests.swift in Sources */ = {isa = PBXBuildFile; fileRef = 99AFD77B2836922D00BD7321 /* BitcoinPriceServiceTests.swift */; };
		99AFD77E283693A300BD7321 /* BitcoinPriceService.swift in Sources */ = {isa = PBXBuildFile; fileRef = 99AFD77D283693A300BD7321 /* BitcoinPriceService.swift */; };
		99AFD7802836942300BD7321 /* Constants.swift in Sources */ = {isa = PBXBuildFile; fileRef = 99AFD77F2836942300BD7321 /* Constants.swift */; };
		99E33D612836ABD800021460 /* WebService.swift in Sources */ = {isa = PBXBuildFile; fileRef = 99E33D602836ABD800021460 /* WebService.swift */; };
		99E33D632836AD9500021460 /* ResponseProtocol.swift in Sources */ = {isa = PBXBuildFile; fileRef = 99E33D622836AD9500021460 /* ResponseProtocol.swift */; };
		99E33D652836C3CA00021460 /* WebServiceProtocol.swift in Sources */ = {isa = PBXBuildFile; fileRef = 99E33D642836C3CA00021460 /* WebServiceProtocol.swift */; };
		99E33D6F2836E44700021460 /* MockURLProtocol.swift in Sources */ = {isa = PBXBuildFile; fileRef = 99E33D6E2836E44700021460 /* MockURLProtocol.swift */; };
/* End PBXBuildFile section */

/* Begin PBXContainerItemProxy section */
		57A0C71B28355CAC00AC0A39 /* PBXContainerItemProxy */ = {
			isa = PBXContainerItemProxy;
			containerPortal = 57A0C6FC28355CAA00AC0A39 /* Project object */;
			proxyType = 1;
			remoteGlobalIDString = 57A0C70328355CAA00AC0A39;
			remoteInfo = BitcoinMillionaire;
		};
		57A0C72528355CAC00AC0A39 /* PBXContainerItemProxy */ = {
			isa = PBXContainerItemProxy;
			containerPortal = 57A0C6FC28355CAA00AC0A39 /* Project object */;
			proxyType = 1;
			remoteGlobalIDString = 57A0C70328355CAA00AC0A39;
			remoteInfo = BitcoinMillionaire;
		};
/* End PBXContainerItemProxy section */

/* Begin PBXFileReference section */
		57A0C70428355CAA00AC0A39 /* BitcoinMillionaire.app */ = {isa = PBXFileReference; explicitFileType = wrapper.application; includeInIndex = 0; path = BitcoinMillionaire.app; sourceTree = BUILT_PRODUCTS_DIR; };
		57A0C70728355CAA00AC0A39 /* AppDelegate.swift */ = {isa = PBXFileReference; lastKnownFileType = sourcecode.swift; path = AppDelegate.swift; sourceTree = "<group>"; };
		57A0C70928355CAA00AC0A39 /* SceneDelegate.swift */ = {isa = PBXFileReference; lastKnownFileType = sourcecode.swift; path = SceneDelegate.swift; sourceTree = "<group>"; };
		57A0C71028355CAC00AC0A39 /* Assets.xcassets */ = {isa = PBXFileReference; lastKnownFileType = folder.assetcatalog; path = Assets.xcassets; sourceTree = "<group>"; };
		57A0C71328355CAC00AC0A39 /* Base */ = {isa = PBXFileReference; lastKnownFileType = file.storyboard; name = Base; path = Base.lproj/LaunchScreen.storyboard; sourceTree = "<group>"; };
		57A0C71528355CAC00AC0A39 /* Info.plist */ = {isa = PBXFileReference; lastKnownFileType = text.plist.xml; path = Info.plist; sourceTree = "<group>"; };
		57A0C71A28355CAC00AC0A39 /* BitcoinMillionaireTests.xctest */ = {isa = PBXFileReference; explicitFileType = wrapper.cfbundle; includeInIndex = 0; path = BitcoinMillionaireTests.xctest; sourceTree = BUILT_PRODUCTS_DIR; };
		57A0C71E28355CAC00AC0A39 /* BitcoinMillionaireTests.swift */ = {isa = PBXFileReference; lastKnownFileType = sourcecode.swift; path = BitcoinMillionaireTests.swift; sourceTree = "<group>"; };
		57A0C72428355CAC00AC0A39 /* BitcoinMillionaireUITests.xctest */ = {isa = PBXFileReference; explicitFileType = wrapper.cfbundle; includeInIndex = 0; path = BitcoinMillionaireUITests.xctest; sourceTree = BUILT_PRODUCTS_DIR; };
		57A0C72828355CAC00AC0A39 /* HomeViewUITests.swift */ = {isa = PBXFileReference; lastKnownFileType = sourcecode.swift; path = HomeViewUITests.swift; sourceTree = "<group>"; };
		57A0C72A28355CAC00AC0A39 /* BitcoinMillionaireUITestsLaunchTests.swift */ = {isa = PBXFileReference; lastKnownFileType = sourcecode.swift; path = BitcoinMillionaireUITestsLaunchTests.swift; sourceTree = "<group>"; };
		57A0C738283696AE00AC0A39 /* UserBitcoinEntity.swift */ = {isa = PBXFileReference; lastKnownFileType = sourcecode.swift; path = UserBitcoinEntity.swift; sourceTree = "<group>"; };
		57A0C73B283697F100AC0A39 /* UserBitcoinService.swift */ = {isa = PBXFileReference; lastKnownFileType = sourcecode.swift; path = UserBitcoinService.swift; sourceTree = "<group>"; };
		57A0C73F28369BD600AC0A39 /* UserBitcoinServiceTests.swift */ = {isa = PBXFileReference; lastKnownFileType = sourcecode.swift; path = UserBitcoinServiceTests.swift; sourceTree = "<group>"; };
		57A0C7412836A0A000AC0A39 /* DatabaseService.swift */ = {isa = PBXFileReference; lastKnownFileType = sourcecode.swift; path = DatabaseService.swift; sourceTree = "<group>"; };
		57A0C7432836A22500AC0A39 /* DatabaseError.swift */ = {isa = PBXFileReference; lastKnownFileType = sourcecode.swift; path = DatabaseError.swift; sourceTree = "<group>"; };
		57A0C7452836A49B00AC0A39 /* DatabaseServiceTests.swift */ = {isa = PBXFileReference; lastKnownFileType = sourcecode.swift; path = DatabaseServiceTests.swift; sourceTree = "<group>"; };
		57A0C7472836A50100AC0A39 /* MockUserDefaults.swift */ = {isa = PBXFileReference; lastKnownFileType = sourcecode.swift; path = MockUserDefaults.swift; sourceTree = "<group>"; };
		57A0C7492836A78200AC0A39 /* UserDefaultsProtocol.swift */ = {isa = PBXFileReference; lastKnownFileType = sourcecode.swift; path = UserDefaultsProtocol.swift; sourceTree = "<group>"; };
		57A0C74B2836B9F100AC0A39 /* Weak.swift */ = {isa = PBXFileReference; lastKnownFileType = sourcecode.swift; path = Weak.swift; sourceTree = "<group>"; };
		57A0C74D2836CF8100AC0A39 /* MockDatabase.swift */ = {isa = PBXFileReference; lastKnownFileType = sourcecode.swift; path = MockDatabase.swift; sourceTree = "<group>"; };
		57A0C7532836D57300AC0A39 /* UserBitcoinEntityTests.swift */ = {isa = PBXFileReference; lastKnownFileType = sourcecode.swift; path = UserBitcoinEntityTests.swift; sourceTree = "<group>"; };
		7A2A3F2E28357DF300559CB4 /* HomeViewController.swift */ = {isa = PBXFileReference; lastKnownFileType = sourcecode.swift; path = HomeViewController.swift; sourceTree = "<group>"; };
		7A2A3F3028357E0400559CB4 /* HomeInteractor.swift */ = {isa = PBXFileReference; lastKnownFileType = sourcecode.swift; path = HomeInteractor.swift; sourceTree = "<group>"; };
		7A2A3F3228357E0E00559CB4 /* HomePresenter.swift */ = {isa = PBXFileReference; lastKnownFileType = sourcecode.swift; path = HomePresenter.swift; sourceTree = "<group>"; };
		7A2A3F3428357E1500559CB4 /* HomeRouter.swift */ = {isa = PBXFileReference; lastKnownFileType = sourcecode.swift; path = HomeRouter.swift; sourceTree = "<group>"; };
		7A2A3F3728357E4300559CB4 /* AddBitcoinViewController.swift */ = {isa = PBXFileReference; lastKnownFileType = sourcecode.swift; path = AddBitcoinViewController.swift; sourceTree = "<group>"; };
		7A2A3F3928357E4B00559CB4 /* AddBitcoinInteractor.swift */ = {isa = PBXFileReference; lastKnownFileType = sourcecode.swift; path = AddBitcoinInteractor.swift; sourceTree = "<group>"; };
		7A2A3F3B28357E5300559CB4 /* AddBitcoinPresenter.swift */ = {isa = PBXFileReference; lastKnownFileType = sourcecode.swift; path = AddBitcoinPresenter.swift; sourceTree = "<group>"; };
		7A2A3F3D28357E5A00559CB4 /* AddBitcoinRouter.swift */ = {isa = PBXFileReference; lastKnownFileType = sourcecode.swift; path = AddBitcoinRouter.swift; sourceTree = "<group>"; };
		7A2A3F4028357E7A00559CB4 /* RemoveBitcoinViewController.swift */ = {isa = PBXFileReference; lastKnownFileType = sourcecode.swift; path = RemoveBitcoinViewController.swift; sourceTree = "<group>"; };
		7A2A3F4228357E9100559CB4 /* RemoveBitcoinInteractor.swift */ = {isa = PBXFileReference; lastKnownFileType = sourcecode.swift; path = RemoveBitcoinInteractor.swift; sourceTree = "<group>"; };
		7A2A3F4428357E9800559CB4 /* RemoveBitcoinPresenter.swift */ = {isa = PBXFileReference; lastKnownFileType = sourcecode.swift; path = RemoveBitcoinPresenter.swift; sourceTree = "<group>"; };
		7A2A3F4628357EA000559CB4 /* RemoveBitcoinRouter.swift */ = {isa = PBXFileReference; lastKnownFileType = sourcecode.swift; path = RemoveBitcoinRouter.swift; sourceTree = "<group>"; };
		7A6F78E3283592BC0030FE91 /* ButtonUtility.swift */ = {isa = PBXFileReference; lastKnownFileType = sourcecode.swift; path = ButtonUtility.swift; sourceTree = "<group>"; };
		7A6F78E52835C6A10030FE91 /* HomeViewControllerTests.swift */ = {isa = PBXFileReference; lastKnownFileType = sourcecode.swift; path = HomeViewControllerTests.swift; sourceTree = "<group>"; };
		7A6F791E2836BEB00030FE91 /* HomePresenterProtocol.swift */ = {isa = PBXFileReference; fileEncoding = 4; lastKnownFileType = sourcecode.swift; path = HomePresenterProtocol.swift; sourceTree = "<group>"; };
		7A6F791F2836BEB00030FE91 /* HomeInteractorProtocol.swift */ = {isa = PBXFileReference; fileEncoding = 4; lastKnownFileType = sourcecode.swift; path = HomeInteractorProtocol.swift; sourceTree = "<group>"; };
		7A6F79202836BEB00030FE91 /* HomeRouterProtocol.swift */ = {isa = PBXFileReference; fileEncoding = 4; lastKnownFileType = sourcecode.swift; path = HomeRouterProtocol.swift; sourceTree = "<group>"; };
		7A6F79252836BEC00030FE91 /* MockHomePresenter.swift */ = {isa = PBXFileReference; fileEncoding = 4; lastKnownFileType = sourcecode.swift; path = MockHomePresenter.swift; sourceTree = "<group>"; };
		7A6F79262836BEC00030FE91 /* MockHomeInteractor.swift */ = {isa = PBXFileReference; fileEncoding = 4; lastKnownFileType = sourcecode.swift; path = MockHomeInteractor.swift; sourceTree = "<group>"; };
		7A6F79272836BEC00030FE91 /* MockHomeRouter.swift */ = {isa = PBXFileReference; fileEncoding = 4; lastKnownFileType = sourcecode.swift; path = MockHomeRouter.swift; sourceTree = "<group>"; };
		7A6F79282836BEC00030FE91 /* HomePresenterTests.swift */ = {isa = PBXFileReference; fileEncoding = 4; lastKnownFileType = sourcecode.swift; path = HomePresenterTests.swift; sourceTree = "<group>"; };
		7ADE5DE62837352F003C81CC /* BitcoinUserDefaults.swift */ = {isa = PBXFileReference; fileEncoding = 4; lastKnownFileType = sourcecode.swift; path = BitcoinUserDefaults.swift; sourceTree = "<group>"; };
		9923FD93283C11030026F99D /* BorderedTextField.swift */ = {isa = PBXFileReference; lastKnownFileType = sourcecode.swift; path = BorderedTextField.swift; sourceTree = "<group>"; };
		996B5DCD283BD12F00B18D14 /* WebServiceMock.swift */ = {isa = PBXFileReference; lastKnownFileType = sourcecode.swift; path = WebServiceMock.swift; sourceTree = "<group>"; };
		99AFD77028368B1500BD7321 /* APIResponse.swift */ = {isa = PBXFileReference; lastKnownFileType = sourcecode.swift; path = APIResponse.swift; sourceTree = "<group>"; };
		99AFD77228368B7500BD7321 /* Repository.swift */ = {isa = PBXFileReference; lastKnownFileType = sourcecode.swift; path = Repository.swift; sourceTree = "<group>"; };
		99AFD77428368C6700BD7321 /* BitcoinPrice.swift */ = {isa = PBXFileReference; lastKnownFileType = sourcecode.swift; path = BitcoinPrice.swift; sourceTree = "<group>"; };
		99AFD77628368CBB00BD7321 /* BPI.swift */ = {isa = PBXFileReference; lastKnownFileType = sourcecode.swift; path = BPI.swift; sourceTree = "<group>"; };
		99AFD77B2836922D00BD7321 /* BitcoinPriceServiceTests.swift */ = {isa = PBXFileReference; lastKnownFileType = sourcecode.swift; path = BitcoinPriceServiceTests.swift; sourceTree = "<group>"; };
		99AFD77D283693A300BD7321 /* BitcoinPriceService.swift */ = {isa = PBXFileReference; lastKnownFileType = sourcecode.swift; path = BitcoinPriceService.swift; sourceTree = "<group>"; };
		99AFD77F2836942300BD7321 /* Constants.swift */ = {isa = PBXFileReference; lastKnownFileType = sourcecode.swift; path = Constants.swift; sourceTree = "<group>"; };
		99E33D602836ABD800021460 /* WebService.swift */ = {isa = PBXFileReference; lastKnownFileType = sourcecode.swift; path = WebService.swift; sourceTree = "<group>"; };
		99E33D622836AD9500021460 /* ResponseProtocol.swift */ = {isa = PBXFileReference; lastKnownFileType = sourcecode.swift; path = ResponseProtocol.swift; sourceTree = "<group>"; };
		99E33D642836C3CA00021460 /* WebServiceProtocol.swift */ = {isa = PBXFileReference; lastKnownFileType = sourcecode.swift; path = WebServiceProtocol.swift; sourceTree = "<group>"; };
		99E33D6E2836E44700021460 /* MockURLProtocol.swift */ = {isa = PBXFileReference; lastKnownFileType = sourcecode.swift; path = MockURLProtocol.swift; sourceTree = "<group>"; };
/* End PBXFileReference section */

/* Begin PBXFrameworksBuildPhase section */
		57A0C70128355CAA00AC0A39 /* Frameworks */ = {
			isa = PBXFrameworksBuildPhase;
			buildActionMask = 2147483647;
			files = (
			);
			runOnlyForDeploymentPostprocessing = 0;
		};
		57A0C71728355CAC00AC0A39 /* Frameworks */ = {
			isa = PBXFrameworksBuildPhase;
			buildActionMask = 2147483647;
			files = (
			);
			runOnlyForDeploymentPostprocessing = 0;
		};
		57A0C72128355CAC00AC0A39 /* Frameworks */ = {
			isa = PBXFrameworksBuildPhase;
			buildActionMask = 2147483647;
			files = (
			);
			runOnlyForDeploymentPostprocessing = 0;
		};
/* End PBXFrameworksBuildPhase section */

/* Begin PBXGroup section */
		57A0C6FB28355CAA00AC0A39 = {
			isa = PBXGroup;
			children = (
				57A0C70628355CAA00AC0A39 /* BitcoinMillionaire */,
				57A0C71D28355CAC00AC0A39 /* BitcoinMillionaireTests */,
				57A0C72728355CAC00AC0A39 /* BitcoinMillionaireUITests */,
				57A0C70528355CAA00AC0A39 /* Products */,
			);
			sourceTree = "<group>";
		};
		57A0C70528355CAA00AC0A39 /* Products */ = {
			isa = PBXGroup;
			children = (
				57A0C70428355CAA00AC0A39 /* BitcoinMillionaire.app */,
				57A0C71A28355CAC00AC0A39 /* BitcoinMillionaireTests.xctest */,
				57A0C72428355CAC00AC0A39 /* BitcoinMillionaireUITests.xctest */,
			);
			name = Products;
			sourceTree = "<group>";
		};
		57A0C70628355CAA00AC0A39 /* BitcoinMillionaire */ = {
			isa = PBXGroup;
			children = (
				7A6F791D2836BEB00030FE91 /* Protocols */,
				99AFD76F28368AD000BD7321 /* Entities */,
				7A6F78E22835929D0030FE91 /* Utilities */,
				7A2A3F2D28357DC900559CB4 /* Home */,
				7A2A3F3628357E2400559CB4 /* AddBitcoin */,
				7A2A3F3F28357E6700559CB4 /* RemoveBitcoin */,
				57A0C7372836967500AC0A39 /* Entities */,
				7A2A3F4828357EB200559CB4 /* Network */,
				57A0C73A283697DD00AC0A39 /* Services */,
				57A0C70728355CAA00AC0A39 /* AppDelegate.swift */,
				57A0C70928355CAA00AC0A39 /* SceneDelegate.swift */,
				57A0C71028355CAC00AC0A39 /* Assets.xcassets */,
				57A0C71228355CAC00AC0A39 /* LaunchScreen.storyboard */,
				57A0C71528355CAC00AC0A39 /* Info.plist */,
			);
			path = BitcoinMillionaire;
			sourceTree = "<group>";
		};
		57A0C71D28355CAC00AC0A39 /* BitcoinMillionaireTests */ = {
			isa = PBXGroup;
			children = (
				7A6F79282836BEC00030FE91 /* HomePresenterTests.swift */,
				7A6F79242836BEC00030FE91 /* Mocks */,
				99AFD778283691EB00BD7321 /* Network */,
				57A0C71E28355CAC00AC0A39 /* BitcoinMillionaireTests.swift */,
				7A6F78E52835C6A10030FE91 /* HomeViewControllerTests.swift */,
				57A0C7512836D50700AC0A39 /* UserBitcoinServiceTests */,
				57A0C7522836D51000AC0A39 /* DatabaseServiceTests */,
				57A0C7532836D57300AC0A39 /* UserBitcoinEntityTests.swift */,
			);
			path = BitcoinMillionaireTests;
			sourceTree = "<group>";
		};
		57A0C72728355CAC00AC0A39 /* BitcoinMillionaireUITests */ = {
			isa = PBXGroup;
			children = (
				57A0C72828355CAC00AC0A39 /* HomeViewUITests.swift */,
				57A0C72A28355CAC00AC0A39 /* BitcoinMillionaireUITestsLaunchTests.swift */,
			);
			path = BitcoinMillionaireUITests;
			sourceTree = "<group>";
		};
		57A0C7372836967500AC0A39 /* Entities */ = {
			isa = PBXGroup;
			children = (
				57A0C738283696AE00AC0A39 /* UserBitcoinEntity.swift */,
			);
			path = Entities;
			sourceTree = "<group>";
		};
		57A0C73A283697DD00AC0A39 /* Services */ = {
			isa = PBXGroup;
			children = (
				57A0C74F2836D4BB00AC0A39 /* DatabaseService */,
				57A0C7502836D4CB00AC0A39 /* UserBitcoinService */,
			);
			path = Services;
			sourceTree = "<group>";
		};
		57A0C74F2836D4BB00AC0A39 /* DatabaseService */ = {
			isa = PBXGroup;
			children = (
				57A0C7412836A0A000AC0A39 /* DatabaseService.swift */,
				57A0C7432836A22500AC0A39 /* DatabaseError.swift */,
				57A0C7492836A78200AC0A39 /* UserDefaultsProtocol.swift */,
				7ADE5DE62837352F003C81CC /* BitcoinUserDefaults.swift */,
			);
			path = DatabaseService;
			sourceTree = "<group>";
		};
		57A0C7502836D4CB00AC0A39 /* UserBitcoinService */ = {
			isa = PBXGroup;
			children = (
				57A0C73B283697F100AC0A39 /* UserBitcoinService.swift */,
			);
			path = UserBitcoinService;
			sourceTree = "<group>";
		};
		57A0C7512836D50700AC0A39 /* UserBitcoinServiceTests */ = {
			isa = PBXGroup;
			children = (
				57A0C73F28369BD600AC0A39 /* UserBitcoinServiceTests.swift */,
			);
			path = UserBitcoinServiceTests;
			sourceTree = "<group>";
		};
		57A0C7522836D51000AC0A39 /* DatabaseServiceTests */ = {
			isa = PBXGroup;
			children = (
				57A0C7452836A49B00AC0A39 /* DatabaseServiceTests.swift */,
				57A0C7472836A50100AC0A39 /* MockUserDefaults.swift */,
			);
			path = DatabaseServiceTests;
			sourceTree = "<group>";
		};
		7A2A3F2D28357DC900559CB4 /* Home */ = {
			isa = PBXGroup;
			children = (
				7A2A3F2E28357DF300559CB4 /* HomeViewController.swift */,
				7A2A3F3028357E0400559CB4 /* HomeInteractor.swift */,
				7A2A3F3228357E0E00559CB4 /* HomePresenter.swift */,
				7A2A3F3428357E1500559CB4 /* HomeRouter.swift */,
				9923FD93283C11030026F99D /* BorderedTextField.swift */,
			);
			path = Home;
			sourceTree = "<group>";
		};
		7A2A3F3628357E2400559CB4 /* AddBitcoin */ = {
			isa = PBXGroup;
			children = (
				7A2A3F3728357E4300559CB4 /* AddBitcoinViewController.swift */,
				7A2A3F3928357E4B00559CB4 /* AddBitcoinInteractor.swift */,
				7A2A3F3B28357E5300559CB4 /* AddBitcoinPresenter.swift */,
				7A2A3F3D28357E5A00559CB4 /* AddBitcoinRouter.swift */,
			);
			path = AddBitcoin;
			sourceTree = "<group>";
		};
		7A2A3F3F28357E6700559CB4 /* RemoveBitcoin */ = {
			isa = PBXGroup;
			children = (
				7A2A3F4028357E7A00559CB4 /* RemoveBitcoinViewController.swift */,
				7A2A3F4228357E9100559CB4 /* RemoveBitcoinInteractor.swift */,
				7A2A3F4428357E9800559CB4 /* RemoveBitcoinPresenter.swift */,
				7A2A3F4628357EA000559CB4 /* RemoveBitcoinRouter.swift */,
			);
			path = RemoveBitcoin;
			sourceTree = "<group>";
		};
		7A2A3F4828357EB200559CB4 /* Network */ = {
			isa = PBXGroup;
			children = (
				99E33D602836ABD800021460 /* WebService.swift */,
				99E33D642836C3CA00021460 /* WebServiceProtocol.swift */,
				99AFD77228368B7500BD7321 /* Repository.swift */,
				99AFD77D283693A300BD7321 /* BitcoinPriceService.swift */,
				99E33D622836AD9500021460 /* ResponseProtocol.swift */,
			);
			path = Network;
			sourceTree = "<group>";
		};
		7A6F78E22835929D0030FE91 /* Utilities */ = {
			isa = PBXGroup;
			children = (
				7A6F78E3283592BC0030FE91 /* ButtonUtility.swift */,
				99AFD77F2836942300BD7321 /* Constants.swift */,
				57A0C74B2836B9F100AC0A39 /* Weak.swift */,
			);
			path = Utilities;
			sourceTree = "<group>";
		};
		7A6F791D2836BEB00030FE91 /* Protocols */ = {
			isa = PBXGroup;
			children = (
				7A6F791E2836BEB00030FE91 /* HomePresenterProtocol.swift */,
				7A6F791F2836BEB00030FE91 /* HomeInteractorProtocol.swift */,
				7A6F79202836BEB00030FE91 /* HomeRouterProtocol.swift */,
			);
			path = Protocols;
			sourceTree = "<group>";
		};
		7A6F79242836BEC00030FE91 /* Mocks */ = {
			isa = PBXGroup;
			children = (
				7A6F79252836BEC00030FE91 /* MockHomePresenter.swift */,
				7A6F79262836BEC00030FE91 /* MockHomeInteractor.swift */,
				7A6F79272836BEC00030FE91 /* MockHomeRouter.swift */,
				99E33D6E2836E44700021460 /* MockURLProtocol.swift */,
				996B5DCD283BD12F00B18D14 /* WebServiceMock.swift */,
				57A0C74D2836CF8100AC0A39 /* MockDatabase.swift */,
			);
			path = Mocks;
			sourceTree = "<group>";
		};
		99AFD76F28368AD000BD7321 /* Entities */ = {
			isa = PBXGroup;
			children = (
				99AFD77028368B1500BD7321 /* APIResponse.swift */,
				99AFD77628368CBB00BD7321 /* BPI.swift */,
				99AFD77428368C6700BD7321 /* BitcoinPrice.swift */,
			);
			path = Entities;
			sourceTree = "<group>";
		};
		99AFD778283691EB00BD7321 /* Network */ = {
			isa = PBXGroup;
			children = (
				99AFD77B2836922D00BD7321 /* BitcoinPriceServiceTests.swift */,
			);
			path = Network;
			sourceTree = "<group>";
		};
/* End PBXGroup section */

/* Begin PBXNativeTarget section */
		57A0C70328355CAA00AC0A39 /* BitcoinMillionaire */ = {
			isa = PBXNativeTarget;
			buildConfigurationList = 57A0C72E28355CAC00AC0A39 /* Build configuration list for PBXNativeTarget "BitcoinMillionaire" */;
			buildPhases = (
				57A0C70028355CAA00AC0A39 /* Sources */,
				57A0C70128355CAA00AC0A39 /* Frameworks */,
				57A0C70228355CAA00AC0A39 /* Resources */,
				57A0C7552836D72D00AC0A39 /* Mark TODO as Warnings */,
			);
			buildRules = (
			);
			dependencies = (
			);
			name = BitcoinMillionaire;
			productName = BitcoinMillionaire;
			productReference = 57A0C70428355CAA00AC0A39 /* BitcoinMillionaire.app */;
			productType = "com.apple.product-type.application";
		};
		57A0C71928355CAC00AC0A39 /* BitcoinMillionaireTests */ = {
			isa = PBXNativeTarget;
			buildConfigurationList = 57A0C73128355CAC00AC0A39 /* Build configuration list for PBXNativeTarget "BitcoinMillionaireTests" */;
			buildPhases = (
				57A0C71628355CAC00AC0A39 /* Sources */,
				57A0C71728355CAC00AC0A39 /* Frameworks */,
				57A0C71828355CAC00AC0A39 /* Resources */,
			);
			buildRules = (
			);
			dependencies = (
				57A0C71C28355CAC00AC0A39 /* PBXTargetDependency */,
			);
			name = BitcoinMillionaireTests;
			productName = BitcoinMillionaireTests;
			productReference = 57A0C71A28355CAC00AC0A39 /* BitcoinMillionaireTests.xctest */;
			productType = "com.apple.product-type.bundle.unit-test";
		};
		57A0C72328355CAC00AC0A39 /* BitcoinMillionaireUITests */ = {
			isa = PBXNativeTarget;
			buildConfigurationList = 57A0C73428355CAC00AC0A39 /* Build configuration list for PBXNativeTarget "BitcoinMillionaireUITests" */;
			buildPhases = (
				57A0C72028355CAC00AC0A39 /* Sources */,
				57A0C72128355CAC00AC0A39 /* Frameworks */,
				57A0C72228355CAC00AC0A39 /* Resources */,
			);
			buildRules = (
			);
			dependencies = (
				57A0C72628355CAC00AC0A39 /* PBXTargetDependency */,
			);
			name = BitcoinMillionaireUITests;
			productName = BitcoinMillionaireUITests;
			productReference = 57A0C72428355CAC00AC0A39 /* BitcoinMillionaireUITests.xctest */;
			productType = "com.apple.product-type.bundle.ui-testing";
		};
/* End PBXNativeTarget section */

/* Begin PBXProject section */
		57A0C6FC28355CAA00AC0A39 /* Project object */ = {
			isa = PBXProject;
			attributes = {
				BuildIndependentTargetsInParallel = 1;
				LastSwiftUpdateCheck = 1330;
				LastUpgradeCheck = 1330;
				TargetAttributes = {
					57A0C70328355CAA00AC0A39 = {
						CreatedOnToolsVersion = 13.3.1;
					};
					57A0C71928355CAC00AC0A39 = {
						CreatedOnToolsVersion = 13.3.1;
						TestTargetID = 57A0C70328355CAA00AC0A39;
					};
					57A0C72328355CAC00AC0A39 = {
						CreatedOnToolsVersion = 13.3.1;
						TestTargetID = 57A0C70328355CAA00AC0A39;
					};
				};
			};
			buildConfigurationList = 57A0C6FF28355CAA00AC0A39 /* Build configuration list for PBXProject "BitcoinMillionaire" */;
			compatibilityVersion = "Xcode 13.0";
			developmentRegion = en;
			hasScannedForEncodings = 0;
			knownRegions = (
				en,
				Base,
			);
			mainGroup = 57A0C6FB28355CAA00AC0A39;
			productRefGroup = 57A0C70528355CAA00AC0A39 /* Products */;
			projectDirPath = "";
			projectRoot = "";
			targets = (
				57A0C70328355CAA00AC0A39 /* BitcoinMillionaire */,
				57A0C71928355CAC00AC0A39 /* BitcoinMillionaireTests */,
				57A0C72328355CAC00AC0A39 /* BitcoinMillionaireUITests */,
			);
		};
/* End PBXProject section */

/* Begin PBXResourcesBuildPhase section */
		57A0C70228355CAA00AC0A39 /* Resources */ = {
			isa = PBXResourcesBuildPhase;
			buildActionMask = 2147483647;
			files = (
				57A0C71428355CAC00AC0A39 /* LaunchScreen.storyboard in Resources */,
				57A0C71128355CAC00AC0A39 /* Assets.xcassets in Resources */,
			);
			runOnlyForDeploymentPostprocessing = 0;
		};
		57A0C71828355CAC00AC0A39 /* Resources */ = {
			isa = PBXResourcesBuildPhase;
			buildActionMask = 2147483647;
			files = (
			);
			runOnlyForDeploymentPostprocessing = 0;
		};
		57A0C72228355CAC00AC0A39 /* Resources */ = {
			isa = PBXResourcesBuildPhase;
			buildActionMask = 2147483647;
			files = (
			);
			runOnlyForDeploymentPostprocessing = 0;
		};
/* End PBXResourcesBuildPhase section */

/* Begin PBXShellScriptBuildPhase section */
		57A0C7552836D72D00AC0A39 /* Mark TODO as Warnings */ = {
			isa = PBXShellScriptBuildPhase;
			buildActionMask = 2147483647;
			files = (
			);
			inputFileListPaths = (
			);
			inputPaths = (
			);
			name = "Mark TODO as Warnings";
			outputFileListPaths = (
			);
			outputPaths = (
			);
			runOnlyForDeploymentPostprocessing = 0;
			shellPath = /bin/sh;
			shellScript = "TAGS=\"TODO:\"\nERRORTAG=\"FIXME:\"\nOUTPUT=$(find \"${SRCROOT}\" \\( -name \"*.h\" -or -name \"*.m\" -or -name \"*.swift\" \\) -print0 | xargs -0 egrep --with-filename --line-number --only-matching \"($TAGS).*\\$|($ERRORTAG).*\\$\" | perl -p -e \"s/($TAGS)/ warning: \\$1/\" | perl -p -e \"s/($ERRORTAG)/ error: \\$1/\")\nECHO \"$OUTPUT\"\nif [[ $OUTPUT == *\" error: \"* ]]\nthen\nexit 1\nfi\n";
		};
/* End PBXShellScriptBuildPhase section */

/* Begin PBXSourcesBuildPhase section */
		57A0C70028355CAA00AC0A39 /* Sources */ = {
			isa = PBXSourcesBuildPhase;
			buildActionMask = 2147483647;
			files = (
				99E33D612836ABD800021460 /* WebService.swift in Sources */,
				99AFD77128368B1500BD7321 /* APIResponse.swift in Sources */,
				99E33D652836C3CA00021460 /* WebServiceProtocol.swift in Sources */,
				99AFD7802836942300BD7321 /* Constants.swift in Sources */,
				7A2A3F3A28357E4B00559CB4 /* AddBitcoinInteractor.swift in Sources */,
				99E33D632836AD9500021460 /* ResponseProtocol.swift in Sources */,
				7A2A3F4328357E9100559CB4 /* RemoveBitcoinInteractor.swift in Sources */,
				57A0C739283696AE00AC0A39 /* UserBitcoinEntity.swift in Sources */,
				7A2A3F3828357E4300559CB4 /* AddBitcoinViewController.swift in Sources */,
				99AFD77E283693A300BD7321 /* BitcoinPriceService.swift in Sources */,
				57A0C74A2836A78200AC0A39 /* UserDefaultsProtocol.swift in Sources */,
				7A2A3F3E28357E5A00559CB4 /* AddBitcoinRouter.swift in Sources */,
				7A6F79232836BEB00030FE91 /* HomeRouterProtocol.swift in Sources */,
				57A0C7422836A0A000AC0A39 /* DatabaseService.swift in Sources */,
				57A0C70828355CAA00AC0A39 /* AppDelegate.swift in Sources */,
				7A2A3F3528357E1500559CB4 /* HomeRouter.swift in Sources */,
				7A2A3F4528357E9800559CB4 /* RemoveBitcoinPresenter.swift in Sources */,
				57A0C7442836A22500AC0A39 /* DatabaseError.swift in Sources */,
				7A2A3F4728357EA000559CB4 /* RemoveBitcoinRouter.swift in Sources */,
				7A6F79212836BEB00030FE91 /* HomePresenterProtocol.swift in Sources */,
				9923FD94283C11030026F99D /* BorderedTextField.swift in Sources */,
				7ADE5DE72837352F003C81CC /* BitcoinUserDefaults.swift in Sources */,
				57A0C70A28355CAA00AC0A39 /* SceneDelegate.swift in Sources */,
				7A6F79222836BEB00030FE91 /* HomeInteractorProtocol.swift in Sources */,
				7A2A3F3328357E0E00559CB4 /* HomePresenter.swift in Sources */,
				7A2A3F3128357E0500559CB4 /* HomeInteractor.swift in Sources */,
				7A2A3F2F28357DF300559CB4 /* HomeViewController.swift in Sources */,
				7A2A3F3C28357E5300559CB4 /* AddBitcoinPresenter.swift in Sources */,
				7A6F78E4283592BC0030FE91 /* ButtonUtility.swift in Sources */,
				7A2A3F4128357E7A00559CB4 /* RemoveBitcoinViewController.swift in Sources */,
				99AFD77528368C6700BD7321 /* BitcoinPrice.swift in Sources */,
				99AFD77728368CBB00BD7321 /* BPI.swift in Sources */,
				99AFD77328368B7500BD7321 /* Repository.swift in Sources */,
				57A0C73C283697F100AC0A39 /* UserBitcoinService.swift in Sources */,
			);
			runOnlyForDeploymentPostprocessing = 0;
		};
		57A0C71628355CAC00AC0A39 /* Sources */ = {
			isa = PBXSourcesBuildPhase;
			buildActionMask = 2147483647;
			files = (
				996B5DCE283BD12F00B18D14 /* WebServiceMock.swift in Sources */,
				7A6F79292836BEC00030FE91 /* MockHomePresenter.swift in Sources */,
				7A6F792A2836BEC00030FE91 /* MockHomeInteractor.swift in Sources */,
				99E33D6F2836E44700021460 /* MockURLProtocol.swift in Sources */,
				57A0C7542836D57300AC0A39 /* UserBitcoinEntityTests.swift in Sources */,
				57A0C7462836A49B00AC0A39 /* DatabaseServiceTests.swift in Sources */,
				7A6F792C2836BEC00030FE91 /* HomePresenterTests.swift in Sources */,
				57A0C71F28355CAC00AC0A39 /* BitcoinMillionaireTests.swift in Sources */,
				99AFD77C2836922D00BD7321 /* BitcoinPriceServiceTests.swift in Sources */,
				57A0C7482836A50100AC0A39 /* MockUserDefaults.swift in Sources */,
				7A6F78E62835C6A10030FE91 /* HomeViewControllerTests.swift in Sources */,
				7A6F792B2836BEC00030FE91 /* MockHomeRouter.swift in Sources */,
				57A0C74028369BD600AC0A39 /* UserBitcoinServiceTests.swift in Sources */,
				57A0C74E2836CF8100AC0A39 /* MockDatabase.swift in Sources */,
			);
			runOnlyForDeploymentPostprocessing = 0;
		};
		57A0C72028355CAC00AC0A39 /* Sources */ = {
			isa = PBXSourcesBuildPhase;
			buildActionMask = 2147483647;
			files = (
				57A0C72928355CAC00AC0A39 /* HomeViewUITests.swift in Sources */,
				57A0C72B28355CAC00AC0A39 /* BitcoinMillionaireUITestsLaunchTests.swift in Sources */,
			);
			runOnlyForDeploymentPostprocessing = 0;
		};
/* End PBXSourcesBuildPhase section */

/* Begin PBXTargetDependency section */
		57A0C71C28355CAC00AC0A39 /* PBXTargetDependency */ = {
			isa = PBXTargetDependency;
			target = 57A0C70328355CAA00AC0A39 /* BitcoinMillionaire */;
			targetProxy = 57A0C71B28355CAC00AC0A39 /* PBXContainerItemProxy */;
		};
		57A0C72628355CAC00AC0A39 /* PBXTargetDependency */ = {
			isa = PBXTargetDependency;
			target = 57A0C70328355CAA00AC0A39 /* BitcoinMillionaire */;
			targetProxy = 57A0C72528355CAC00AC0A39 /* PBXContainerItemProxy */;
		};
/* End PBXTargetDependency section */

/* Begin PBXVariantGroup section */
		57A0C71228355CAC00AC0A39 /* LaunchScreen.storyboard */ = {
			isa = PBXVariantGroup;
			children = (
				57A0C71328355CAC00AC0A39 /* Base */,
			);
			name = LaunchScreen.storyboard;
			sourceTree = "<group>";
		};
/* End PBXVariantGroup section */

/* Begin XCBuildConfiguration section */
		57A0C72C28355CAC00AC0A39 /* Debug */ = {
			isa = XCBuildConfiguration;
			buildSettings = {
				ALWAYS_SEARCH_USER_PATHS = NO;
				CLANG_ANALYZER_NONNULL = YES;
				CLANG_ANALYZER_NUMBER_OBJECT_CONVERSION = YES_AGGRESSIVE;
				CLANG_CXX_LANGUAGE_STANDARD = "gnu++17";
				CLANG_ENABLE_MODULES = YES;
				CLANG_ENABLE_OBJC_ARC = YES;
				CLANG_ENABLE_OBJC_WEAK = YES;
				CLANG_WARN_BLOCK_CAPTURE_AUTORELEASING = YES;
				CLANG_WARN_BOOL_CONVERSION = YES;
				CLANG_WARN_COMMA = YES;
				CLANG_WARN_CONSTANT_CONVERSION = YES;
				CLANG_WARN_DEPRECATED_OBJC_IMPLEMENTATIONS = YES;
				CLANG_WARN_DIRECT_OBJC_ISA_USAGE = YES_ERROR;
				CLANG_WARN_DOCUMENTATION_COMMENTS = YES;
				CLANG_WARN_EMPTY_BODY = YES;
				CLANG_WARN_ENUM_CONVERSION = YES;
				CLANG_WARN_INFINITE_RECURSION = YES;
				CLANG_WARN_INT_CONVERSION = YES;
				CLANG_WARN_NON_LITERAL_NULL_CONVERSION = YES;
				CLANG_WARN_OBJC_IMPLICIT_RETAIN_SELF = YES;
				CLANG_WARN_OBJC_LITERAL_CONVERSION = YES;
				CLANG_WARN_OBJC_ROOT_CLASS = YES_ERROR;
				CLANG_WARN_QUOTED_INCLUDE_IN_FRAMEWORK_HEADER = YES;
				CLANG_WARN_RANGE_LOOP_ANALYSIS = YES;
				CLANG_WARN_STRICT_PROTOTYPES = YES;
				CLANG_WARN_SUSPICIOUS_MOVE = YES;
				CLANG_WARN_UNGUARDED_AVAILABILITY = YES_AGGRESSIVE;
				CLANG_WARN_UNREACHABLE_CODE = YES;
				CLANG_WARN__DUPLICATE_METHOD_MATCH = YES;
				COPY_PHASE_STRIP = NO;
				DEBUG_INFORMATION_FORMAT = dwarf;
				ENABLE_STRICT_OBJC_MSGSEND = YES;
				ENABLE_TESTABILITY = YES;
				GCC_C_LANGUAGE_STANDARD = gnu11;
				GCC_DYNAMIC_NO_PIC = NO;
				GCC_NO_COMMON_BLOCKS = YES;
				GCC_OPTIMIZATION_LEVEL = 0;
				GCC_PREPROCESSOR_DEFINITIONS = (
					"DEBUG=1",
					"$(inherited)",
				);
				GCC_WARN_64_TO_32_BIT_CONVERSION = YES;
				GCC_WARN_ABOUT_RETURN_TYPE = YES_ERROR;
				GCC_WARN_UNDECLARED_SELECTOR = YES;
				GCC_WARN_UNINITIALIZED_AUTOS = YES_AGGRESSIVE;
				GCC_WARN_UNUSED_FUNCTION = YES;
				GCC_WARN_UNUSED_VARIABLE = YES;
				IPHONEOS_DEPLOYMENT_TARGET = 15.4;
				MTL_ENABLE_DEBUG_INFO = INCLUDE_SOURCE;
				MTL_FAST_MATH = YES;
				ONLY_ACTIVE_ARCH = YES;
				SDKROOT = iphoneos;
				SWIFT_ACTIVE_COMPILATION_CONDITIONS = DEBUG;
				SWIFT_OPTIMIZATION_LEVEL = "-Onone";
			};
			name = Debug;
		};
		57A0C72D28355CAC00AC0A39 /* Release */ = {
			isa = XCBuildConfiguration;
			buildSettings = {
				ALWAYS_SEARCH_USER_PATHS = NO;
				CLANG_ANALYZER_NONNULL = YES;
				CLANG_ANALYZER_NUMBER_OBJECT_CONVERSION = YES_AGGRESSIVE;
				CLANG_CXX_LANGUAGE_STANDARD = "gnu++17";
				CLANG_ENABLE_MODULES = YES;
				CLANG_ENABLE_OBJC_ARC = YES;
				CLANG_ENABLE_OBJC_WEAK = YES;
				CLANG_WARN_BLOCK_CAPTURE_AUTORELEASING = YES;
				CLANG_WARN_BOOL_CONVERSION = YES;
				CLANG_WARN_COMMA = YES;
				CLANG_WARN_CONSTANT_CONVERSION = YES;
				CLANG_WARN_DEPRECATED_OBJC_IMPLEMENTATIONS = YES;
				CLANG_WARN_DIRECT_OBJC_ISA_USAGE = YES_ERROR;
				CLANG_WARN_DOCUMENTATION_COMMENTS = YES;
				CLANG_WARN_EMPTY_BODY = YES;
				CLANG_WARN_ENUM_CONVERSION = YES;
				CLANG_WARN_INFINITE_RECURSION = YES;
				CLANG_WARN_INT_CONVERSION = YES;
				CLANG_WARN_NON_LITERAL_NULL_CONVERSION = YES;
				CLANG_WARN_OBJC_IMPLICIT_RETAIN_SELF = YES;
				CLANG_WARN_OBJC_LITERAL_CONVERSION = YES;
				CLANG_WARN_OBJC_ROOT_CLASS = YES_ERROR;
				CLANG_WARN_QUOTED_INCLUDE_IN_FRAMEWORK_HEADER = YES;
				CLANG_WARN_RANGE_LOOP_ANALYSIS = YES;
				CLANG_WARN_STRICT_PROTOTYPES = YES;
				CLANG_WARN_SUSPICIOUS_MOVE = YES;
				CLANG_WARN_UNGUARDED_AVAILABILITY = YES_AGGRESSIVE;
				CLANG_WARN_UNREACHABLE_CODE = YES;
				CLANG_WARN__DUPLICATE_METHOD_MATCH = YES;
				COPY_PHASE_STRIP = NO;
				DEBUG_INFORMATION_FORMAT = "dwarf-with-dsym";
				ENABLE_NS_ASSERTIONS = NO;
				ENABLE_STRICT_OBJC_MSGSEND = YES;
				GCC_C_LANGUAGE_STANDARD = gnu11;
				GCC_NO_COMMON_BLOCKS = YES;
				GCC_WARN_64_TO_32_BIT_CONVERSION = YES;
				GCC_WARN_ABOUT_RETURN_TYPE = YES_ERROR;
				GCC_WARN_UNDECLARED_SELECTOR = YES;
				GCC_WARN_UNINITIALIZED_AUTOS = YES_AGGRESSIVE;
				GCC_WARN_UNUSED_FUNCTION = YES;
				GCC_WARN_UNUSED_VARIABLE = YES;
				IPHONEOS_DEPLOYMENT_TARGET = 15.4;
				MTL_ENABLE_DEBUG_INFO = NO;
				MTL_FAST_MATH = YES;
				SDKROOT = iphoneos;
				SWIFT_COMPILATION_MODE = wholemodule;
				SWIFT_OPTIMIZATION_LEVEL = "-O";
				VALIDATE_PRODUCT = YES;
			};
			name = Release;
		};
		57A0C72F28355CAC00AC0A39 /* Debug */ = {
			isa = XCBuildConfiguration;
			buildSettings = {
				ASSETCATALOG_COMPILER_APPICON_NAME = AppIcon;
				ASSETCATALOG_COMPILER_GLOBAL_ACCENT_COLOR_NAME = AccentColor;
				CODE_SIGN_STYLE = Automatic;
				CURRENT_PROJECT_VERSION = 1;
				DEVELOPMENT_TEAM = 8673Q69NZ9;
				GENERATE_INFOPLIST_FILE = YES;
				INFOPLIST_FILE = BitcoinMillionaire/Info.plist;
				INFOPLIST_KEY_UIApplicationSupportsIndirectInputEvents = YES;
				INFOPLIST_KEY_UILaunchStoryboardName = LaunchScreen;
				INFOPLIST_KEY_UISupportedInterfaceOrientations = UIInterfaceOrientationPortrait;
				INFOPLIST_KEY_UISupportedInterfaceOrientations_iPad = "UIInterfaceOrientationPortrait UIInterfaceOrientationPortraitUpsideDown UIInterfaceOrientationLandscapeLeft UIInterfaceOrientationLandscapeRight";
				INFOPLIST_KEY_UISupportedInterfaceOrientations_iPhone = "UIInterfaceOrientationPortrait UIInterfaceOrientationLandscapeLeft UIInterfaceOrientationLandscapeRight";
				INFOPLIST_KEY_UIUserInterfaceStyle = Light;
				LD_RUNPATH_SEARCH_PATHS = (
					"$(inherited)",
					"@executable_path/Frameworks",
				);
				MARKETING_VERSION = 1.0;
				PRODUCT_BUNDLE_IDENTIFIER = cognizant.BitcoinMillionaire;
				PRODUCT_NAME = "$(TARGET_NAME)";
				SWIFT_EMIT_LOC_STRINGS = YES;
				SWIFT_VERSION = 5.0;
				TARGETED_DEVICE_FAMILY = 1;
			};
			name = Debug;
		};
		57A0C73028355CAC00AC0A39 /* Release */ = {
			isa = XCBuildConfiguration;
			buildSettings = {
				ASSETCATALOG_COMPILER_APPICON_NAME = AppIcon;
				ASSETCATALOG_COMPILER_GLOBAL_ACCENT_COLOR_NAME = AccentColor;
				CODE_SIGN_STYLE = Automatic;
				CURRENT_PROJECT_VERSION = 1;
				DEVELOPMENT_TEAM = 8673Q69NZ9;
				GENERATE_INFOPLIST_FILE = YES;
				INFOPLIST_FILE = BitcoinMillionaire/Info.plist;
				INFOPLIST_KEY_UIApplicationSupportsIndirectInputEvents = YES;
				INFOPLIST_KEY_UILaunchStoryboardName = LaunchScreen;
				INFOPLIST_KEY_UISupportedInterfaceOrientations = UIInterfaceOrientationPortrait;
				INFOPLIST_KEY_UISupportedInterfaceOrientations_iPad = "UIInterfaceOrientationPortrait UIInterfaceOrientationPortraitUpsideDown UIInterfaceOrientationLandscapeLeft UIInterfaceOrientationLandscapeRight";
				INFOPLIST_KEY_UISupportedInterfaceOrientations_iPhone = "UIInterfaceOrientationPortrait UIInterfaceOrientationLandscapeLeft UIInterfaceOrientationLandscapeRight";
				INFOPLIST_KEY_UIUserInterfaceStyle = Light;
				LD_RUNPATH_SEARCH_PATHS = (
					"$(inherited)",
					"@executable_path/Frameworks",
				);
				MARKETING_VERSION = 1.0;
				PRODUCT_BUNDLE_IDENTIFIER = cognizant.BitcoinMillionaire;
				PRODUCT_NAME = "$(TARGET_NAME)";
				SWIFT_EMIT_LOC_STRINGS = YES;
				SWIFT_VERSION = 5.0;
				TARGETED_DEVICE_FAMILY = 1;
			};
			name = Release;
		};
		57A0C73228355CAC00AC0A39 /* Debug */ = {
			isa = XCBuildConfiguration;
			buildSettings = {
				ALWAYS_EMBED_SWIFT_STANDARD_LIBRARIES = YES;
				BUNDLE_LOADER = "$(TEST_HOST)";
				CODE_SIGN_STYLE = Automatic;
				CURRENT_PROJECT_VERSION = 1;
				DEVELOPMENT_TEAM = 8673Q69NZ9;
				GENERATE_INFOPLIST_FILE = YES;
				IPHONEOS_DEPLOYMENT_TARGET = 15.4;
				MARKETING_VERSION = 1.0;
				PRODUCT_BUNDLE_IDENTIFIER = cognizant.BitcoinMillionaireTests;
				PRODUCT_NAME = "$(TARGET_NAME)";
				SWIFT_EMIT_LOC_STRINGS = NO;
				SWIFT_VERSION = 5.0;
				TARGETED_DEVICE_FAMILY = "1,2";
				TEST_HOST = "$(BUILT_PRODUCTS_DIR)/BitcoinMillionaire.app/BitcoinMillionaire";
			};
			name = Debug;
		};
		57A0C73328355CAC00AC0A39 /* Release */ = {
			isa = XCBuildConfiguration;
			buildSettings = {
				ALWAYS_EMBED_SWIFT_STANDARD_LIBRARIES = YES;
				BUNDLE_LOADER = "$(TEST_HOST)";
				CODE_SIGN_STYLE = Automatic;
				CURRENT_PROJECT_VERSION = 1;
				DEVELOPMENT_TEAM = 8673Q69NZ9;
				GENERATE_INFOPLIST_FILE = YES;
				IPHONEOS_DEPLOYMENT_TARGET = 15.4;
				MARKETING_VERSION = 1.0;
				PRODUCT_BUNDLE_IDENTIFIER = cognizant.BitcoinMillionaireTests;
				PRODUCT_NAME = "$(TARGET_NAME)";
				SWIFT_EMIT_LOC_STRINGS = NO;
				SWIFT_VERSION = 5.0;
				TARGETED_DEVICE_FAMILY = "1,2";
				TEST_HOST = "$(BUILT_PRODUCTS_DIR)/BitcoinMillionaire.app/BitcoinMillionaire";
			};
			name = Release;
		};
		57A0C73528355CAC00AC0A39 /* Debug */ = {
			isa = XCBuildConfiguration;
			buildSettings = {
				ALWAYS_EMBED_SWIFT_STANDARD_LIBRARIES = YES;
				CODE_SIGN_STYLE = Automatic;
				CURRENT_PROJECT_VERSION = 1;
				DEVELOPMENT_TEAM = R85CE74CM3;
				GENERATE_INFOPLIST_FILE = YES;
				MARKETING_VERSION = 1.0;
				PRODUCT_BUNDLE_IDENTIFIER = cognizant.BitcoinMillionaireUITests;
				PRODUCT_NAME = "$(TARGET_NAME)";
				SWIFT_EMIT_LOC_STRINGS = NO;
				SWIFT_VERSION = 5.0;
				TARGETED_DEVICE_FAMILY = "1,2";
				TEST_TARGET_NAME = BitcoinMillionaire;
			};
			name = Debug;
		};
		57A0C73628355CAC00AC0A39 /* Release */ = {
			isa = XCBuildConfiguration;
			buildSettings = {
				ALWAYS_EMBED_SWIFT_STANDARD_LIBRARIES = YES;
				CODE_SIGN_STYLE = Automatic;
				CURRENT_PROJECT_VERSION = 1;
				DEVELOPMENT_TEAM = R85CE74CM3;
				GENERATE_INFOPLIST_FILE = YES;
				MARKETING_VERSION = 1.0;
				PRODUCT_BUNDLE_IDENTIFIER = cognizant.BitcoinMillionaireUITests;
				PRODUCT_NAME = "$(TARGET_NAME)";
				SWIFT_EMIT_LOC_STRINGS = NO;
				SWIFT_VERSION = 5.0;
				TARGETED_DEVICE_FAMILY = "1,2";
				TEST_TARGET_NAME = BitcoinMillionaire;
			};
			name = Release;
		};
/* End XCBuildConfiguration section */

/* Begin XCConfigurationList section */
		57A0C6FF28355CAA00AC0A39 /* Build configuration list for PBXProject "BitcoinMillionaire" */ = {
			isa = XCConfigurationList;
			buildConfigurations = (
				57A0C72C28355CAC00AC0A39 /* Debug */,
				57A0C72D28355CAC00AC0A39 /* Release */,
			);
			defaultConfigurationIsVisible = 0;
			defaultConfigurationName = Release;
		};
		57A0C72E28355CAC00AC0A39 /* Build configuration list for PBXNativeTarget "BitcoinMillionaire" */ = {
			isa = XCConfigurationList;
			buildConfigurations = (
				57A0C72F28355CAC00AC0A39 /* Debug */,
				57A0C73028355CAC00AC0A39 /* Release */,
			);
			defaultConfigurationIsVisible = 0;
			defaultConfigurationName = Release;
		};
		57A0C73128355CAC00AC0A39 /* Build configuration list for PBXNativeTarget "BitcoinMillionaireTests" */ = {
			isa = XCConfigurationList;
			buildConfigurations = (
				57A0C73228355CAC00AC0A39 /* Debug */,
				57A0C73328355CAC00AC0A39 /* Release */,
			);
			defaultConfigurationIsVisible = 0;
			defaultConfigurationName = Release;
		};
		57A0C73428355CAC00AC0A39 /* Build configuration list for PBXNativeTarget "BitcoinMillionaireUITests" */ = {
			isa = XCConfigurationList;
			buildConfigurations = (
				57A0C73528355CAC00AC0A39 /* Debug */,
				57A0C73628355CAC00AC0A39 /* Release */,
			);
			defaultConfigurationIsVisible = 0;
			defaultConfigurationName = Release;
		};
/* End XCConfigurationList section */
	};
	rootObject = 57A0C6FC28355CAA00AC0A39 /* Project object */;
}
